{
  "version": 4,
  "terraform_version": "1.4.6",
  "serial": 33,
  "lineage": "d36f5474-5731-f971-8f2b-88656079365b",
  "outputs": {},
  "resources": [
    {
      "mode": "data",
      "type": "azurerm_resource_group",
      "name": "hackathon-rg",
      "provider": "provider[\"registry.terraform.io/hashicorp/azurerm\"]",
      "instances": [
        {
          "schema_version": 0,
          "attributes": {
            "id": "/subscriptions/475b3c71-8110-4997-9e77-2f86d6c6cd42/resourceGroups/hackathon-rg",
            "location": "centralus",
            "name": "hackathon-rg",
            "tags": {
              "CostCenter": "3528",
              "hackathon": "hackathon"
            },
            "timeouts": null
          },
          "sensitive_attributes": []
        }
      ]
    },
    {
      "mode": "managed",
      "type": "azurerm_storage_account",
      "name": "hackathon-cold",
      "provider": "provider[\"registry.terraform.io/hashicorp/azurerm\"]",
      "instances": [
        {
          "schema_version": 3,
          "attributes": {
            "access_tier": "Cool",
            "account_kind": "StorageV2",
            "account_replication_type": "GRS",
            "account_tier": "Standard",
            "allow_nested_items_to_be_public": true,
            "allowed_copy_scope": "",
            "azure_files_authentication": [],
            "blob_properties": [
              {
                "change_feed_enabled": true,
                "change_feed_retention_in_days": 0,
                "container_delete_retention_policy": [
                  {
                    "days": 7
                  }
                ],
                "cors_rule": [],
                "default_service_version": "",
                "delete_retention_policy": [
                  {
                    "days": 7
                  }
                ],
                "last_access_time_enabled": false,
                "restore_policy": [],
                "versioning_enabled": true
              }
            ],
            "cross_tenant_replication_enabled": true,
            "custom_domain": [],
            "customer_managed_key": [],
            "default_to_oauth_authentication": false,
            "edge_zone": "",
            "enable_https_traffic_only": true,
            "id": "/subscriptions/475b3c71-8110-4997-9e77-2f86d6c6cd42/resourceGroups/hackathon-rg/providers/Microsoft.Storage/storageAccounts/hackathoncold",
            "identity": [],
            "immutability_policy": [],
            "infrastructure_encryption_enabled": false,
            "is_hns_enabled": false,
            "large_file_share_enabled": null,
            "location": "centralus",
            "min_tls_version": "TLS1_0",
            "name": "hackathoncold",
            "network_rules": [
              {
                "bypass": [
                  "AzureServices"
                ],
                "default_action": "Deny",
                "ip_rules": [
                  "192.55.208.0/24"
                ],
                "private_link_access": [],
                "virtual_network_subnet_ids": [
                  "/subscriptions/475b3c71-8110-4997-9e77-2f86d6c6cd42/resourceGroups/hackathon-rg/providers/Microsoft.Network/virtualNetworks/hackathon-vnet/subnets/hackathon-subnet"
                ]
              }
            ],
            "nfsv3_enabled": false,
            "primary_access_key": "mlnImajad6aaYtsDIpzuy+dTgzyE4XZzFlbZXqyu3k3AOGDapUrAFkJuFCEylqAfnPtjfeYJqKt/+AStCnbtxA==",
            "primary_blob_connection_string": "DefaultEndpointsProtocol=https;BlobEndpoint=https://hackathoncold.blob.core.windows.net/;AccountName=hackathoncold;AccountKey=mlnImajad6aaYtsDIpzuy+dTgzyE4XZzFlbZXqyu3k3AOGDapUrAFkJuFCEylqAfnPtjfeYJqKt/+AStCnbtxA==",
            "primary_blob_endpoint": "https://hackathoncold.blob.core.windows.net/",
            "primary_blob_host": "hackathoncold.blob.core.windows.net",
            "primary_connection_string": "DefaultEndpointsProtocol=https;AccountName=hackathoncold;AccountKey=mlnImajad6aaYtsDIpzuy+dTgzyE4XZzFlbZXqyu3k3AOGDapUrAFkJuFCEylqAfnPtjfeYJqKt/+AStCnbtxA==;EndpointSuffix=core.windows.net",
            "primary_dfs_endpoint": "https://hackathoncold.dfs.core.windows.net/",
            "primary_dfs_host": "hackathoncold.dfs.core.windows.net",
            "primary_file_endpoint": "https://hackathoncold.file.core.windows.net/",
            "primary_file_host": "hackathoncold.file.core.windows.net",
            "primary_location": "centralus",
            "primary_queue_endpoint": "https://hackathoncold.queue.core.windows.net/",
            "primary_queue_host": "hackathoncold.queue.core.windows.net",
            "primary_table_endpoint": "https://hackathoncold.table.core.windows.net/",
            "primary_table_host": "hackathoncold.table.core.windows.net",
            "primary_web_endpoint": "https://hackathoncold.z19.web.core.windows.net/",
            "primary_web_host": "hackathoncold.z19.web.core.windows.net",
            "public_network_access_enabled": false,
            "queue_encryption_key_type": "Service",
            "queue_properties": [
              {
                "cors_rule": [],
                "hour_metrics": [
                  {
                    "enabled": true,
                    "include_apis": true,
                    "retention_policy_days": 7,
                    "version": "1.0"
                  }
                ],
                "logging": [
                  {
                    "delete": false,
                    "read": false,
                    "retention_policy_days": 0,
                    "version": "1.0",
                    "write": false
                  }
                ],
                "minute_metrics": [
                  {
                    "enabled": false,
                    "include_apis": false,
                    "retention_policy_days": 0,
                    "version": "1.0"
                  }
                ]
              }
            ],
            "resource_group_name": "hackathon-rg",
            "routing": [
              {
                "choice": "MicrosoftRouting",
                "publish_internet_endpoints": false,
                "publish_microsoft_endpoints": false
              }
            ],
            "sas_policy": [],
            "secondary_access_key": "Jl57kJKEZj3uFE6WyEB9x+uHNgyukovbtysv5LCtfTShVOdhoHgwzfePnC/oe4BLkaKMOBq01N2X+AStlIds/Q==",
            "secondary_blob_connection_string": "",
            "secondary_blob_endpoint": null,
            "secondary_blob_host": null,
            "secondary_connection_string": "DefaultEndpointsProtocol=https;AccountName=hackathoncold;AccountKey=Jl57kJKEZj3uFE6WyEB9x+uHNgyukovbtysv5LCtfTShVOdhoHgwzfePnC/oe4BLkaKMOBq01N2X+AStlIds/Q==;EndpointSuffix=core.windows.net",
            "secondary_dfs_endpoint": null,
            "secondary_dfs_host": null,
            "secondary_file_endpoint": null,
            "secondary_file_host": null,
            "secondary_location": "eastus2",
            "secondary_queue_endpoint": null,
            "secondary_queue_host": null,
            "secondary_table_endpoint": null,
            "secondary_table_host": null,
            "secondary_web_endpoint": null,
            "secondary_web_host": null,
            "sftp_enabled": false,
            "share_properties": [
              {
                "cors_rule": [],
                "retention_policy": [
                  {
                    "days": 7
                  }
                ],
                "smb": []
              }
            ],
            "shared_access_key_enabled": true,
            "static_website": [],
            "table_encryption_key_type": "Service",
            "tags": {
              "CostCenter": "3528",
              "environment": "staging"
            },
            "timeouts": null
          },
          "sensitive_attributes": [],
          "private": "eyJlMmJmYjczMC1lY2FhLTExZTYtOGY4OC0zNDM2M2JjN2M0YzAiOnsiY3JlYXRlIjozNjAwMDAwMDAwMDAwLCJkZWxldGUiOjM2MDAwMDAwMDAwMDAsInJlYWQiOjMwMDAwMDAwMDAwMCwidXBkYXRlIjozNjAwMDAwMDAwMDAwfSwic2NoZW1hX3ZlcnNpb24iOiIzIn0=",
          "dependencies": [
            "data.azurerm_resource_group.hackathon-rg"
          ]
        }
      ]
    },
    {
      "mode": "managed",
      "type": "azurerm_storage_account",
      "name": "hackathon-hot",
      "provider": "provider[\"registry.terraform.io/hashicorp/azurerm\"]",
      "instances": [
        {
          "status": "tainted",
          "schema_version": 3,
          "attributes": {
            "access_tier": "Hot",
            "account_kind": "StorageV2",
            "account_replication_type": "ZRS",
            "account_tier": "Standard",
            "allow_nested_items_to_be_public": true,
            "allowed_copy_scope": "",
            "azure_files_authentication": [],
            "blob_properties": [
              {
                "change_feed_enabled": false,
                "change_feed_retention_in_days": 0,
                "container_delete_retention_policy": [],
                "cors_rule": [],
                "default_service_version": "",
                "delete_retention_policy": [
                  {
                    "days": 7
                  }
                ],
                "last_access_time_enabled": false,
                "restore_policy": [],
                "versioning_enabled": false
              }
            ],
            "cross_tenant_replication_enabled": true,
            "custom_domain": [],
            "customer_managed_key": [],
            "default_to_oauth_authentication": false,
            "edge_zone": "",
            "enable_https_traffic_only": true,
            "id": "/subscriptions/475b3c71-8110-4997-9e77-2f86d6c6cd42/resourceGroups/hackathon-rg/providers/Microsoft.Storage/storageAccounts/hackathonhot",
            "identity": [],
            "immutability_policy": [],
            "infrastructure_encryption_enabled": false,
            "is_hns_enabled": true,
            "large_file_share_enabled": false,
            "location": "centralus",
            "min_tls_version": "TLS1_0",
            "name": "hackathonhot",
            "network_rules": [
              {
                "bypass": [
                  "AzureServices"
                ],
                "default_action": "Deny",
                "ip_rules": [],
                "private_link_access": [],
                "virtual_network_subnet_ids": []
              }
            ],
            "nfsv3_enabled": true,
            "primary_access_key": "3xyAnuEPWJUFOaJRkzRfuvIlWPNJRLT7Ghe9Lq8p/CepQxK9HIdLVWmVeStx4oin2MDR56/ldxW9+ASt9pmawQ==",
            "primary_blob_connection_string": "DefaultEndpointsProtocol=https;BlobEndpoint=https://hackathonhot.blob.core.windows.net/;AccountName=hackathonhot;AccountKey=3xyAnuEPWJUFOaJRkzRfuvIlWPNJRLT7Ghe9Lq8p/CepQxK9HIdLVWmVeStx4oin2MDR56/ldxW9+ASt9pmawQ==",
            "primary_blob_endpoint": "https://hackathonhot.blob.core.windows.net/",
            "primary_blob_host": "hackathonhot.blob.core.windows.net",
            "primary_connection_string": "DefaultEndpointsProtocol=https;AccountName=hackathonhot;AccountKey=3xyAnuEPWJUFOaJRkzRfuvIlWPNJRLT7Ghe9Lq8p/CepQxK9HIdLVWmVeStx4oin2MDR56/ldxW9+ASt9pmawQ==;EndpointSuffix=core.windows.net",
            "primary_dfs_endpoint": "https://hackathonhot.dfs.core.windows.net/",
            "primary_dfs_host": "hackathonhot.dfs.core.windows.net",
            "primary_file_endpoint": "https://hackathonhot.file.core.windows.net/",
            "primary_file_host": "hackathonhot.file.core.windows.net",
            "primary_location": "centralus",
            "primary_queue_endpoint": "https://hackathonhot.queue.core.windows.net/",
            "primary_queue_host": "hackathonhot.queue.core.windows.net",
            "primary_table_endpoint": "https://hackathonhot.table.core.windows.net/",
            "primary_table_host": "hackathonhot.table.core.windows.net",
            "primary_web_endpoint": "https://hackathonhot.z19.web.core.windows.net/",
            "primary_web_host": "hackathonhot.z19.web.core.windows.net",
            "public_network_access_enabled": true,
            "queue_encryption_key_type": "Service",
            "queue_properties": [
              {
                "cors_rule": [],
                "hour_metrics": [
                  {
                    "enabled": true,
                    "include_apis": true,
                    "retention_policy_days": 7,
                    "version": "1.0"
                  }
                ],
                "logging": [
                  {
                    "delete": false,
                    "read": false,
                    "retention_policy_days": 0,
                    "version": "1.0",
                    "write": false
                  }
                ],
                "minute_metrics": [
                  {
                    "enabled": false,
                    "include_apis": false,
                    "retention_policy_days": 0,
                    "version": "1.0"
                  }
                ]
              }
            ],
            "resource_group_name": "hackathon-rg",
            "routing": [],
            "sas_policy": [],
            "secondary_access_key": "bGOk1pnVH8O/saaXKQ0OjgzcOqn1IsxJKS5x9InAcC1d3PnGrLLFwG67AMyBDcWNcVzH7K36YoRI+AStmj3Jyw==",
            "secondary_blob_connection_string": "",
            "secondary_blob_endpoint": null,
            "secondary_blob_host": null,
            "secondary_connection_string": "DefaultEndpointsProtocol=https;AccountName=hackathonhot;AccountKey=bGOk1pnVH8O/saaXKQ0OjgzcOqn1IsxJKS5x9InAcC1d3PnGrLLFwG67AMyBDcWNcVzH7K36YoRI+AStmj3Jyw==;EndpointSuffix=core.windows.net",
            "secondary_dfs_endpoint": null,
            "secondary_dfs_host": null,
            "secondary_file_endpoint": null,
            "secondary_file_host": null,
            "secondary_location": "",
            "secondary_queue_endpoint": null,
            "secondary_queue_host": null,
            "secondary_table_endpoint": null,
            "secondary_table_host": null,
            "secondary_web_endpoint": null,
            "secondary_web_host": null,
            "sftp_enabled": false,
            "share_properties": null,
            "shared_access_key_enabled": true,
            "static_website": [],
            "table_encryption_key_type": "Service",
            "tags": {
              "environment": "staging"
            },
            "timeouts": null
          },
          "sensitive_attributes": [],
          "private": "eyJlMmJmYjczMC1lY2FhLTExZTYtOGY4OC0zNDM2M2JjN2M0YzAiOnsiY3JlYXRlIjozNjAwMDAwMDAwMDAwLCJkZWxldGUiOjM2MDAwMDAwMDAwMDAsInJlYWQiOjMwMDAwMDAwMDAwMCwidXBkYXRlIjozNjAwMDAwMDAwMDAwfSwic2NoZW1hX3ZlcnNpb24iOiIzIn0=",
          "dependencies": [
            "data.azurerm_resource_group.hackathon-rg"
          ]
        }
      ]
    }
  ],
  "check_results": null
}
