{
  "version": 4,
  "terraform_version": "1.4.6",
  "serial": 11,
  "lineage": "cbbc6566-a632-4a64-c484-308c195dea06",
  "outputs": {},
  "resources": [
    {
      "mode": "data",
      "type": "azurerm_resource_group",
      "name": "hackathon-rg",
      "provider": "provider[\"registry.terraform.io/hashicorp/azurerm\"]",
      "instances": [
        {
          "schema_version": 0,
          "attributes": {
            "id": "/subscriptions/475b3c71-8110-4997-9e77-2f86d6c6cd42/resourceGroups/hackathon-rg",
            "location": "centralus",
            "name": "hackathon-rg",
            "tags": {
              "CostCenter": "3528",
              "hackathon": "hackathon"
            },
            "timeouts": null
          },
          "sensitive_attributes": []
        }
      ]
    },
    {
      "mode": "managed",
      "type": "azurerm_linux_virtual_machine",
      "name": "hackathon-vm",
      "provider": "provider[\"registry.terraform.io/hashicorp/azurerm\"]",
      "instances": [
        {
          "schema_version": 0,
          "attributes": {
            "additional_capabilities": [],
            "admin_password": null,
            "admin_ssh_key": [
              {
                "public_key": "ssh-rsa AAAAB3NzaC1yc2EAAAADAQABAAABgQD5tgdQ3Rl97AfZkt1sxKpsHSFvrlwTfphJ6o8bjnKlEX7meICZHEnZObGE65iDk9j1tl09+9/bQUkRX7h4zEp8KR0/ATSZUbschQuBRDWRlA52cLdW+MvkrZRnnnFbtGgG9G1ieCcXPgztEhYGz2l8Gx+4QKqoaYlIk5fHhfMmlzFR3QAMKV+Y+l3KluUXJDw2CKiMutRZmvxzX/TmRHZ0iBuSymQxONKnQfQMRSUNoO7+GL+JQlUl+QJV6LmxEwDQQJbZHAr+BNBIpumkiBM0NmiwMgO9kJjLU+M3jU58Fv7jajuHheE7zf1G+aI9G7jEY9f3hS5nYd5TGLgKZ0v8nht0kKA0eMZB9lVe+ZT2xqcRLe/c9o3pDRc6bL6IalqZQnOJt7iuOmZURCs83N85q8dlJdVfcQyNounrs7bE5vHlGUI+8N2uGTegCreqnIvR9Va3xI7zgF2yYjiH2BrDrCM1adf+bMwI+LetEsScaiIUH1bzkg18DQLMpAfjLtM= dkennetz@dkennetz\n",
                "username": "dkennetz"
              }
            ],
            "admin_username": "dkennetz",
            "allow_extension_operations": true,
            "availability_set_id": "",
            "boot_diagnostics": [],
            "capacity_reservation_group_id": "",
            "computer_name": "hackathon-vm",
            "custom_data": null,
            "dedicated_host_group_id": "",
            "dedicated_host_id": "",
            "disable_password_authentication": true,
            "edge_zone": "",
            "encryption_at_host_enabled": false,
            "eviction_policy": "",
            "extensions_time_budget": "PT1H30M",
            "gallery_application": [],
            "id": "/subscriptions/475b3c71-8110-4997-9e77-2f86d6c6cd42/resourceGroups/hackathon-rg/providers/Microsoft.Compute/virtualMachines/hackathon-vm",
            "identity": [],
            "license_type": "",
            "location": "centralus",
            "max_bid_price": -1,
            "name": "hackathon-vm",
            "network_interface_ids": [
              "/subscriptions/475b3c71-8110-4997-9e77-2f86d6c6cd42/resourceGroups/hackathon-rg/providers/Microsoft.Network/networkInterfaces/hackathon-nic"
            ],
            "os_disk": [
              {
                "caching": "ReadWrite",
                "diff_disk_settings": [],
                "disk_encryption_set_id": "",
                "disk_size_gb": 200,
                "name": "hackathon-vm-osdisk",
                "secure_vm_disk_encryption_set_id": "",
                "security_encryption_type": "",
                "storage_account_type": "Standard_LRS",
                "write_accelerator_enabled": false
              }
            ],
            "patch_assessment_mode": "ImageDefault",
            "patch_mode": "ImageDefault",
            "plan": [],
            "platform_fault_domain": -1,
            "priority": "Regular",
            "private_ip_address": "10.0.2.4",
            "private_ip_addresses": [
              "10.0.2.4"
            ],
            "provision_vm_agent": true,
            "proximity_placement_group_id": "",
            "public_ip_address": "20.9.62.190",
            "public_ip_addresses": [
              "20.9.62.190"
            ],
            "resource_group_name": "hackathon-rg",
            "secret": [],
            "secure_boot_enabled": false,
            "size": "Standard_D8s_v5",
            "source_image_id": "",
            "source_image_reference": [
              {
                "offer": "CentOS-HPC",
                "publisher": "OpenLogic",
                "sku": "7.6",
                "version": "7.6.2020062900"
              }
            ],
            "tags": {
              "CostCenter": "3528"
            },
            "termination_notification": null,
            "timeouts": null,
            "user_data": "",
            "virtual_machine_id": "1556d487-20fa-4656-b1f1-8b6bb7842079",
            "virtual_machine_scale_set_id": "",
            "vtpm_enabled": false,
            "zone": ""
          },
          "sensitive_attributes": [],
          "private": "eyJlMmJmYjczMC1lY2FhLTExZTYtOGY4OC0zNDM2M2JjN2M0YzAiOnsiY3JlYXRlIjoyNzAwMDAwMDAwMDAwLCJkZWxldGUiOjI3MDAwMDAwMDAwMDAsInJlYWQiOjMwMDAwMDAwMDAwMCwidXBkYXRlIjoyNzAwMDAwMDAwMDAwfX0=",
          "dependencies": [
            "azurerm_network_interface.hackathon-nic",
            "azurerm_public_ip.hackathon-pip",
            "azurerm_subnet.hackathon-subnet",
            "data.azurerm_resource_group.hackathon-rg"
          ]
        }
      ]
    },
    {
      "mode": "managed",
      "type": "azurerm_network_interface",
      "name": "hackathon-nic",
      "provider": "provider[\"registry.terraform.io/hashicorp/azurerm\"]",
      "instances": [
        {
          "schema_version": 0,
          "attributes": {
            "applied_dns_servers": [],
            "dns_servers": [],
            "edge_zone": "",
            "enable_accelerated_networking": false,
            "enable_ip_forwarding": false,
            "id": "/subscriptions/475b3c71-8110-4997-9e77-2f86d6c6cd42/resourceGroups/hackathon-rg/providers/Microsoft.Network/networkInterfaces/hackathon-nic",
            "internal_dns_name_label": "",
            "internal_domain_name_suffix": "ghmxhcdmtygubdfmyvczjne12e.gx.internal.cloudapp.net",
            "ip_configuration": [
              {
                "gateway_load_balancer_frontend_ip_configuration_id": "",
                "name": "internal",
                "primary": true,
                "private_ip_address": "10.0.2.4",
                "private_ip_address_allocation": "Dynamic",
                "private_ip_address_version": "IPv4",
                "public_ip_address_id": "/subscriptions/475b3c71-8110-4997-9e77-2f86d6c6cd42/resourceGroups/hackathon-rg/providers/Microsoft.Network/publicIPAddresses/hackathonpip",
                "subnet_id": "/subscriptions/475b3c71-8110-4997-9e77-2f86d6c6cd42/resourceGroups/hackathon-rg/providers/Microsoft.Network/virtualNetworks/hackathon-vnet/subnets/hackathon-subnet"
              }
            ],
            "location": "centralus",
            "mac_address": "",
            "name": "hackathon-nic",
            "private_ip_address": "10.0.2.4",
            "private_ip_addresses": [
              "10.0.2.4"
            ],
            "resource_group_name": "hackathon-rg",
            "tags": {},
            "timeouts": null,
            "virtual_machine_id": ""
          },
          "sensitive_attributes": [],
          "private": "eyJlMmJmYjczMC1lY2FhLTExZTYtOGY4OC0zNDM2M2JjN2M0YzAiOnsiY3JlYXRlIjoxODAwMDAwMDAwMDAwLCJkZWxldGUiOjE4MDAwMDAwMDAwMDAsInJlYWQiOjMwMDAwMDAwMDAwMCwidXBkYXRlIjoxODAwMDAwMDAwMDAwfX0=",
          "dependencies": [
            "azurerm_public_ip.hackathon-pip",
            "azurerm_subnet.hackathon-subnet",
            "data.azurerm_resource_group.hackathon-rg"
          ]
        }
      ]
    },
    {
      "mode": "managed",
      "type": "azurerm_public_ip",
      "name": "hackathon-pip",
      "provider": "provider[\"registry.terraform.io/hashicorp/azurerm\"]",
      "instances": [
        {
          "schema_version": 0,
          "attributes": {
            "allocation_method": "Static",
            "ddos_protection_mode": "VirtualNetworkInherited",
            "ddos_protection_plan_id": null,
            "domain_name_label": null,
            "edge_zone": "",
            "fqdn": null,
            "id": "/subscriptions/475b3c71-8110-4997-9e77-2f86d6c6cd42/resourceGroups/hackathon-rg/providers/Microsoft.Network/publicIPAddresses/hackathonpip",
            "idle_timeout_in_minutes": 4,
            "ip_address": "20.9.62.190",
            "ip_tags": {},
            "ip_version": "IPv4",
            "location": "centralus",
            "name": "hackathonpip",
            "public_ip_prefix_id": null,
            "resource_group_name": "hackathon-rg",
            "reverse_fqdn": null,
            "sku": "Basic",
            "sku_tier": "Regional",
            "tags": {
              "CostCenter": "3528"
            },
            "timeouts": null,
            "zones": []
          },
          "sensitive_attributes": [],
          "private": "eyJlMmJmYjczMC1lY2FhLTExZTYtOGY4OC0zNDM2M2JjN2M0YzAiOnsiY3JlYXRlIjoxODAwMDAwMDAwMDAwLCJkZWxldGUiOjE4MDAwMDAwMDAwMDAsInJlYWQiOjMwMDAwMDAwMDAwMCwidXBkYXRlIjoxODAwMDAwMDAwMDAwfX0=",
          "dependencies": [
            "data.azurerm_resource_group.hackathon-rg"
          ]
        }
      ]
    },
    {
      "mode": "managed",
      "type": "azurerm_subnet",
      "name": "hackathon-subnet",
      "provider": "provider[\"registry.terraform.io/hashicorp/azurerm\"]",
      "instances": [
        {
          "schema_version": 0,
          "attributes": {
            "address_prefixes": [
              "10.0.2.0/24"
            ],
            "delegation": [],
            "enforce_private_link_endpoint_network_policies": false,
            "enforce_private_link_service_network_policies": false,
            "id": "/subscriptions/475b3c71-8110-4997-9e77-2f86d6c6cd42/resourceGroups/hackathon-rg/providers/Microsoft.Network/virtualNetworks/hackathon-vnet/subnets/hackathon-subnet",
            "name": "hackathon-subnet",
            "private_endpoint_network_policies_enabled": true,
            "private_link_service_network_policies_enabled": true,
            "resource_group_name": "hackathon-rg",
            "service_endpoint_policy_ids": [],
            "service_endpoints": [],
            "timeouts": null,
            "virtual_network_name": "hackathon-vnet"
          },
          "sensitive_attributes": [],
          "private": "eyJlMmJmYjczMC1lY2FhLTExZTYtOGY4OC0zNDM2M2JjN2M0YzAiOnsiY3JlYXRlIjoxODAwMDAwMDAwMDAwLCJkZWxldGUiOjE4MDAwMDAwMDAwMDAsInJlYWQiOjMwMDAwMDAwMDAwMCwidXBkYXRlIjoxODAwMDAwMDAwMDAwfX0=",
          "dependencies": [
            "azurerm_virtual_network.hackathon-vnet",
            "data.azurerm_resource_group.hackathon-rg"
          ]
        }
      ]
    },
    {
      "mode": "managed",
      "type": "azurerm_virtual_network",
      "name": "hackathon-vnet",
      "provider": "provider[\"registry.terraform.io/hashicorp/azurerm\"]",
      "instances": [
        {
          "schema_version": 0,
          "attributes": {
            "address_space": [
              "10.0.0.0/16"
            ],
            "bgp_community": "",
            "ddos_protection_plan": [],
            "dns_servers": [],
            "edge_zone": "",
            "flow_timeout_in_minutes": 0,
            "guid": "8873d931-9e6c-400d-8cac-c54594b49be4",
            "id": "/subscriptions/475b3c71-8110-4997-9e77-2f86d6c6cd42/resourceGroups/hackathon-rg/providers/Microsoft.Network/virtualNetworks/hackathon-vnet",
            "location": "centralus",
            "name": "hackathon-vnet",
            "resource_group_name": "hackathon-rg",
            "subnet": [
              {
                "address_prefix": "10.0.2.0/24",
                "id": "/subscriptions/475b3c71-8110-4997-9e77-2f86d6c6cd42/resourceGroups/hackathon-rg/providers/Microsoft.Network/virtualNetworks/hackathon-vnet/subnets/hackathon-subnet",
                "name": "hackathon-subnet",
                "security_group": ""
              }
            ],
            "tags": {
              "CostCenter": "3528"
            },
            "timeouts": null
          },
          "sensitive_attributes": [],
          "private": "eyJlMmJmYjczMC1lY2FhLTExZTYtOGY4OC0zNDM2M2JjN2M0YzAiOnsiY3JlYXRlIjoxODAwMDAwMDAwMDAwLCJkZWxldGUiOjE4MDAwMDAwMDAwMDAsInJlYWQiOjMwMDAwMDAwMDAwMCwidXBkYXRlIjoxODAwMDAwMDAwMDAwfX0=",
          "dependencies": [
            "data.azurerm_resource_group.hackathon-rg"
          ]
        }
      ]
    }
  ],
  "check_results": null
}
